{
  "name": "yab",
  "version": "1.0.0",
  "lockfileVersion": 2,
  "requires": true,
  "packages": {
    "": {
      "name": "yab",
      "version": "1.0.0",
      "license": "GPL-3.0",
      "dependencies": {
        "computer": "github:SKYCRATE-ltd/computer",
        "jst": "github:SKYCRATE-ltd/jst#backend"
      }
    },
    "node_modules/computer": {
      "version": "1.0.0",
      "resolved": "git+ssh://git@github.com/SKYCRATE-ltd/computer.git#6594c7bfc4eb017db267e10f9bdb0684eb93d95d",
      "license": "GPL-3.0"
    },
    "node_modules/jst": {
      "version": "1.0.0",
      "resolved": "git+ssh://git@github.com/SKYCRATE-ltd/jst.git#d387e88eaa6323c0be33823d53987cf48e26162a",
      "license": "GPL-3.0"
    }
  },
  "dependencies": {
    "computer": {
      "version": "git+ssh://git@github.com/SKYCRATE-ltd/computer.git#6594c7bfc4eb017db267e10f9bdb0684eb93d95d",
      "from": "computer@github:SKYCRATE-ltd/computer"
    },
    "jst": {
      "version": "git+ssh://git@github.com/SKYCRATE-ltd/jst.git#d387e88eaa6323c0be33823d53987cf48e26162a",
      "from": "jst@github:SKYCRATE-ltd/jst#backend"
    }
  }
}
